
Microsoft Visual Studio Solution File, Format Version 12.00
# Visual Studio Version 17
VisualStudioVersion = 17.6.33712.159
MinimumVisualStudioVersion = 10.0.40219.1
Project("{FAE04EC0-301F-11D3-BF4B-00C04F79EFBC}") = "Dispose_Finalize", "Dispose_Finalize\Dispose_Finalize.csproj", "{544F0FD9-EBBA-4CF5-B1C9-AEEED2EE6695}"
EndProject
Global
	GlobalSection(SolutionConfigurationPlatforms) = preSolution
		Debug|Any CPU = Debug|Any CPU
		Release|Any CPU = Release|Any CPU
	EndGlobalSection
	GlobalSection(ProjectConfigurationPlatforms) = postSolution
		{544F0FD9-EBBA-4CF5-B1C9-AEEED2EE6695}.Debug|Any CPU.ActiveCfg = Debug|Any CPU
		{544F0FD9-EBBA-4CF5-B1C9-AEEED2EE6695}.Debug|Any CPU.Build.0 = Debug|Any CPU
		{544F0FD9-EBBA-4CF5-B1C9-AEEED2EE6695}.Release|Any CPU.ActiveCfg = Release|Any CPU
		{544F0FD9-EBBA-4CF5-B1C9-AEEED2EE6695}.Release|Any CPU.Build.0 = Release|Any CPU
	EndGlobalSection
	GlobalSection(SolutionProperties) = preSolution
		HideSolutionNode = FALSE
	EndGlobalSection
	GlobalSection(ExtensibilityGlobals) = postSolution
		SolutionGuid = {A5AACAFA-FC43-4A9A-90B0-61C4D510F039}
	EndGlobalSection
EndGlobal
